// !$*UTF8*$!
{
	archiveVersion = 1;
	classes = {
	};
	objectVersion = 46;
	objects = {

/* Begin PBXBuildFile section */
		32426CF71D5ABFE000F0DC05 /* AppDelegate.swift in Sources */ = {isa = PBXBuildFile; fileRef = 32426CF61D5ABFE000F0DC05 /* AppDelegate.swift */; };
		32426CF91D5ABFE000F0DC05 /* ViewController.swift in Sources */ = {isa = PBXBuildFile; fileRef = 32426CF81D5ABFE000F0DC05 /* ViewController.swift */; };
		32426CFC1D5ABFE100F0DC05 /* Main.storyboard in Resources */ = {isa = PBXBuildFile; fileRef = 32426CFA1D5ABFE100F0DC05 /* Main.storyboard */; };
		32426CFE1D5ABFE100F0DC05 /* Assets.xcassets in Resources */ = {isa = PBXBuildFile; fileRef = 32426CFD1D5ABFE100F0DC05 /* Assets.xcassets */; };
		32426D011D5ABFE100F0DC05 /* LaunchScreen.storyboard in Resources */ = {isa = PBXBuildFile; fileRef = 32426CFF1D5ABFE100F0DC05 /* LaunchScreen.storyboard */; };
		32426D0C1D5ABFE100F0DC05 /* RDAVPlayerTests.swift in Sources */ = {isa = PBXBuildFile; fileRef = 32426D0B1D5ABFE100F0DC05 /* RDAVPlayerTests.swift */; };
		32426D171D5ABFE100F0DC05 /* RDAVPlayerUITests.swift in Sources */ = {isa = PBXBuildFile; fileRef = 32426D161D5ABFE100F0DC05 /* RDAVPlayerUITests.swift */; };
		32426D251D5AC10000F0DC05 /* RDAVPlayer.swift in Sources */ = {isa = PBXBuildFile; fileRef = 32426D241D5AC10000F0DC05 /* RDAVPlayer.swift */; };
		32426D261D5AC10000F0DC05 /* RDAVPlayer.swift in Sources */ = {isa = PBXBuildFile; fileRef = 32426D241D5AC10000F0DC05 /* RDAVPlayer.swift */; };
		32426D271D5AC10000F0DC05 /* RDAVPlayer.swift in Sources */ = {isa = PBXBuildFile; fileRef = 32426D241D5AC10000F0DC05 /* RDAVPlayer.swift */; };
		32426D291D5AD10B00F0DC05 /* AVFoundation.framework in Frameworks */ = {isa = PBXBuildFile; fileRef = 32426D281D5AD10B00F0DC05 /* AVFoundation.framework */; };
		324FE6FE1D61559A00EC0A2E /* samplemovie.mov in Resources */ = {isa = PBXBuildFile; fileRef = 324FE6FD1D61559A00EC0A2E /* samplemovie.mov */; };
		324FE6FF1D61559A00EC0A2E /* samplemovie.mov in Resources */ = {isa = PBXBuildFile; fileRef = 324FE6FD1D61559A00EC0A2E /* samplemovie.mov */; };
		324FE7001D61559A00EC0A2E /* samplemovie.mov in Resources */ = {isa = PBXBuildFile; fileRef = 324FE6FD1D61559A00EC0A2E /* samplemovie.mov */; };
		3299EE781D77FDEB00D94B3E /* RDAVPlayerPresenter.swift in Sources */ = {isa = PBXBuildFile; fileRef = 3299EE771D77FDEB00D94B3E /* RDAVPlayerPresenter.swift */; };
		3299EE791D77FDEB00D94B3E /* RDAVPlayerPresenter.swift in Sources */ = {isa = PBXBuildFile; fileRef = 3299EE771D77FDEB00D94B3E /* RDAVPlayerPresenter.swift */; };
		3299EE7A1D77FDEB00D94B3E /* RDAVPlayerPresenter.swift in Sources */ = {isa = PBXBuildFile; fileRef = 3299EE771D77FDEB00D94B3E /* RDAVPlayerPresenter.swift */; };
		3299EE7C1D77FE9500D94B3E /* RDPlayerView.swift in Sources */ = {isa = PBXBuildFile; fileRef = 3299EE7B1D77FE9500D94B3E /* RDPlayerView.swift */; };
		3299EE7D1D77FE9500D94B3E /* RDPlayerView.swift in Sources */ = {isa = PBXBuildFile; fileRef = 3299EE7B1D77FE9500D94B3E /* RDPlayerView.swift */; };
		3299EE7E1D77FE9500D94B3E /* RDPlayerView.swift in Sources */ = {isa = PBXBuildFile; fileRef = 3299EE7B1D77FE9500D94B3E /* RDPlayerView.swift */; };
/* End PBXBuildFile section */

/* Begin PBXContainerItemProxy section */
		32426D081D5ABFE100F0DC05 /* PBXContainerItemProxy */ = {
			isa = PBXContainerItemProxy;
			containerPortal = 32426CEB1D5ABFE000F0DC05 /* Project object */;
			proxyType = 1;
			remoteGlobalIDString = 32426CF21D5ABFE000F0DC05;
			remoteInfo = RDAVPlayer;
		};
		32426D131D5ABFE100F0DC05 /* PBXContainerItemProxy */ = {
			isa = PBXContainerItemProxy;
			containerPortal = 32426CEB1D5ABFE000F0DC05 /* Project object */;
			proxyType = 1;
			remoteGlobalIDString = 32426CF21D5ABFE000F0DC05;
			remoteInfo = RDAVPlayer;
		};
/* End PBXContainerItemProxy section */

/* Begin PBXFileReference section */
		32426CF31D5ABFE000F0DC05 /* RDAVPlayer.app */ = {isa = PBXFileReference; explicitFileType = wrapper.application; includeInIndex = 0; path = RDAVPlayer.app; sourceTree = BUILT_PRODUCTS_DIR; };
		32426CF61D5ABFE000F0DC05 /* AppDelegate.swift */ = {isa = PBXFileReference; lastKnownFileType = sourcecode.swift; path = AppDelegate.swift; sourceTree = "<group>"; };
		32426CF81D5ABFE000F0DC05 /* ViewController.swift */ = {isa = PBXFileReference; lastKnownFileType = sourcecode.swift; path = ViewController.swift; sourceTree = "<group>"; };
		32426CFB1D5ABFE100F0DC05 /* Base */ = {isa = PBXFileReference; lastKnownFileType = file.storyboard; name = Base; path = Base.lproj/Main.storyboard; sourceTree = "<group>"; };
		32426CFD1D5ABFE100F0DC05 /* Assets.xcassets */ = {isa = PBXFileReference; lastKnownFileType = folder.assetcatalog; path = Assets.xcassets; sourceTree = "<group>"; };
		32426D001D5ABFE100F0DC05 /* Base */ = {isa = PBXFileReference; lastKnownFileType = file.storyboard; name = Base; path = Base.lproj/LaunchScreen.storyboard; sourceTree = "<group>"; };
		32426D021D5ABFE100F0DC05 /* Info.plist */ = {isa = PBXFileReference; lastKnownFileType = text.plist.xml; path = Info.plist; sourceTree = "<group>"; };
		32426D071D5ABFE100F0DC05 /* RDAVPlayerTests.xctest */ = {isa = PBXFileReference; explicitFileType = wrapper.cfbundle; includeInIndex = 0; path = RDAVPlayerTests.xctest; sourceTree = BUILT_PRODUCTS_DIR; };
		32426D0B1D5ABFE100F0DC05 /* RDAVPlayerTests.swift */ = {isa = PBXFileReference; lastKnownFileType = sourcecode.swift; path = RDAVPlayerTests.swift; sourceTree = "<group>"; };
		32426D0D1D5ABFE100F0DC05 /* Info.plist */ = {isa = PBXFileReference; lastKnownFileType = text.plist.xml; path = Info.plist; sourceTree = "<group>"; };
		32426D121D5ABFE100F0DC05 /* RDAVPlayerUITests.xctest */ = {isa = PBXFileReference; explicitFileType = wrapper.cfbundle; includeInIndex = 0; path = RDAVPlayerUITests.xctest; sourceTree = BUILT_PRODUCTS_DIR; };
		32426D161D5ABFE100F0DC05 /* RDAVPlayerUITests.swift */ = {isa = PBXFileReference; lastKnownFileType = sourcecode.swift; path = RDAVPlayerUITests.swift; sourceTree = "<group>"; };
		32426D181D5ABFE100F0DC05 /* Info.plist */ = {isa = PBXFileReference; lastKnownFileType = text.plist.xml; path = Info.plist; sourceTree = "<group>"; };
		32426D241D5AC10000F0DC05 /* RDAVPlayer.swift */ = {isa = PBXFileReference; fileEncoding = 4; lastKnownFileType = sourcecode.swift; path = RDAVPlayer.swift; sourceTree = "<group>"; };
		32426D281D5AD10B00F0DC05 /* AVFoundation.framework */ = {isa = PBXFileReference; lastKnownFileType = wrapper.framework; name = AVFoundation.framework; path = System/Library/Frameworks/AVFoundation.framework; sourceTree = SDKROOT; };
		324FE6FD1D61559A00EC0A2E /* samplemovie.mov */ = {isa = PBXFileReference; lastKnownFileType = video.quicktime; path = samplemovie.mov; sourceTree = "<group>"; };
		3299EE771D77FDEB00D94B3E /* RDAVPlayerPresenter.swift */ = {isa = PBXFileReference; fileEncoding = 4; lastKnownFileType = sourcecode.swift; path = RDAVPlayerPresenter.swift; sourceTree = "<group>"; };
		3299EE7B1D77FE9500D94B3E /* RDPlayerView.swift */ = {isa = PBXFileReference; fileEncoding = 4; lastKnownFileType = sourcecode.swift; path = RDPlayerView.swift; sourceTree = "<group>"; };
/* End PBXFileReference section */

/* Begin PBXFrameworksBuildPhase section */
		32426CF01D5ABFE000F0DC05 /* Frameworks */ = {
			isa = PBXFrameworksBuildPhase;
			buildActionMask = 2147483647;
			files = (
				32426D291D5AD10B00F0DC05 /* AVFoundation.framework in Frameworks */,
			);
			runOnlyForDeploymentPostprocessing = 0;
		};
		32426D041D5ABFE100F0DC05 /* Frameworks */ = {
			isa = PBXFrameworksBuildPhase;
			buildActionMask = 2147483647;
			files = (
			);
			runOnlyForDeploymentPostprocessing = 0;
		};
		32426D0F1D5ABFE100F0DC05 /* Frameworks */ = {
			isa = PBXFrameworksBuildPhase;
			buildActionMask = 2147483647;
			files = (
			);
			runOnlyForDeploymentPostprocessing = 0;
		};
/* End PBXFrameworksBuildPhase section */

/* Begin PBXGroup section */
		32426CEA1D5ABFE000F0DC05 = {
			isa = PBXGroup;
			children = (
				32426D281D5AD10B00F0DC05 /* AVFoundation.framework */,
				32426CF51D5ABFE000F0DC05 /* RDAVPlayer */,
				32426D0A1D5ABFE100F0DC05 /* RDAVPlayerTests */,
				32426D151D5ABFE100F0DC05 /* RDAVPlayerUITests */,
				32426CF41D5ABFE000F0DC05 /* Products */,
			);
			sourceTree = "<group>";
		};
		32426CF41D5ABFE000F0DC05 /* Products */ = {
			isa = PBXGroup;
			children = (
				32426CF31D5ABFE000F0DC05 /* RDAVPlayer.app */,
				32426D071D5ABFE100F0DC05 /* RDAVPlayerTests.xctest */,
				32426D121D5ABFE100F0DC05 /* RDAVPlayerUITests.xctest */,
			);
			name = Products;
			sourceTree = "<group>";
		};
		32426CF51D5ABFE000F0DC05 /* RDAVPlayer */ = {
			isa = PBXGroup;
			children = (
				324FE6FD1D61559A00EC0A2E /* samplemovie.mov */,
				32426CF61D5ABFE000F0DC05 /* AppDelegate.swift */,
				32426CF81D5ABFE000F0DC05 /* ViewController.swift */,
				3299EE7B1D77FE9500D94B3E /* RDPlayerView.swift */,
				32426D241D5AC10000F0DC05 /* RDAVPlayer.swift */,
				3299EE771D77FDEB00D94B3E /* RDAVPlayerPresenter.swift */,
				32426CFA1D5ABFE100F0DC05 /* Main.storyboard */,
				32426CFD1D5ABFE100F0DC05 /* Assets.xcassets */,
				32426CFF1D5ABFE100F0DC05 /* LaunchScreen.storyboard */,
				32426D021D5ABFE100F0DC05 /* Info.plist */,
			);
			path = RDAVPlayer;
			sourceTree = "<group>";
		};
		32426D0A1D5ABFE100F0DC05 /* RDAVPlayerTests */ = {
			isa = PBXGroup;
			children = (
				32426D0B1D5ABFE100F0DC05 /* RDAVPlayerTests.swift */,
				32426D0D1D5ABFE100F0DC05 /* Info.plist */,
			);
			path = RDAVPlayerTests;
			sourceTree = "<group>";
		};
		32426D151D5ABFE100F0DC05 /* RDAVPlayerUITests */ = {
			isa = PBXGroup;
			children = (
				32426D161D5ABFE100F0DC05 /* RDAVPlayerUITests.swift */,
				32426D181D5ABFE100F0DC05 /* Info.plist */,
			);
			path = RDAVPlayerUITests;
			sourceTree = "<group>";
		};
/* End PBXGroup section */

/* Begin PBXNativeTarget section */
		32426CF21D5ABFE000F0DC05 /* RDAVPlayer */ = {
			isa = PBXNativeTarget;
			buildConfigurationList = 32426D1B1D5ABFE100F0DC05 /* Build configuration list for PBXNativeTarget "RDAVPlayer" */;
			buildPhases = (
				32426CEF1D5ABFE000F0DC05 /* Sources */,
				32426CF01D5ABFE000F0DC05 /* Frameworks */,
				32426CF11D5ABFE000F0DC05 /* Resources */,
			);
			buildRules = (
			);
			dependencies = (
			);
			name = RDAVPlayer;
			productName = RDAVPlayer;
			productReference = 32426CF31D5ABFE000F0DC05 /* RDAVPlayer.app */;
			productType = "com.apple.product-type.application";
		};
		32426D061D5ABFE100F0DC05 /* RDAVPlayerTests */ = {
			isa = PBXNativeTarget;
			buildConfigurationList = 32426D1E1D5ABFE100F0DC05 /* Build configuration list for PBXNativeTarget "RDAVPlayerTests" */;
			buildPhases = (
				32426D031D5ABFE100F0DC05 /* Sources */,
				32426D041D5ABFE100F0DC05 /* Frameworks */,
				32426D051D5ABFE100F0DC05 /* Resources */,
			);
			buildRules = (
			);
			dependencies = (
				32426D091D5ABFE100F0DC05 /* PBXTargetDependency */,
			);
			name = RDAVPlayerTests;
			productName = RDAVPlayerTests;
			productReference = 32426D071D5ABFE100F0DC05 /* RDAVPlayerTests.xctest */;
			productType = "com.apple.product-type.bundle.unit-test";
		};
		32426D111D5ABFE100F0DC05 /* RDAVPlayerUITests */ = {
			isa = PBXNativeTarget;
			buildConfigurationList = 32426D211D5ABFE100F0DC05 /* Build configuration list for PBXNativeTarget "RDAVPlayerUITests" */;
			buildPhases = (
				32426D0E1D5ABFE100F0DC05 /* Sources */,
				32426D0F1D5ABFE100F0DC05 /* Frameworks */,
				32426D101D5ABFE100F0DC05 /* Resources */,
			);
			buildRules = (
			);
			dependencies = (
				32426D141D5ABFE100F0DC05 /* PBXTargetDependency */,
			);
			name = RDAVPlayerUITests;
			productName = RDAVPlayerUITests;
			productReference = 32426D121D5ABFE100F0DC05 /* RDAVPlayerUITests.xctest */;
			productType = "com.apple.product-type.bundle.ui-testing";
		};
/* End PBXNativeTarget section */

/* Begin PBXProject section */
		32426CEB1D5ABFE000F0DC05 /* Project object */ = {
			isa = PBXProject;
			attributes = {
				LastSwiftUpdateCheck = 0730;
				LastUpgradeCheck = 0730;
				ORGANIZATIONNAME = rodhosSoft;
				TargetAttributes = {
					32426CF21D5ABFE000F0DC05 = {
						CreatedOnToolsVersion = 7.3.1;
					};
					32426D061D5ABFE100F0DC05 = {
						CreatedOnToolsVersion = 7.3.1;
						TestTargetID = 32426CF21D5ABFE000F0DC05;
					};
					32426D111D5ABFE100F0DC05 = {
						CreatedOnToolsVersion = 7.3.1;
						TestTargetID = 32426CF21D5ABFE000F0DC05;
					};
				};
			};
			buildConfigurationList = 32426CEE1D5ABFE000F0DC05 /* Build configuration list for PBXProject "RDAVPlayer" */;
			compatibilityVersion = "Xcode 3.2";
			developmentRegion = English;
			hasScannedForEncodings = 0;
			knownRegions = (
				en,
				Base,
			);
			mainGroup = 32426CEA1D5ABFE000F0DC05;
			productRefGroup = 32426CF41D5ABFE000F0DC05 /* Products */;
			projectDirPath = "";
			projectRoot = "";
			targets = (
				32426CF21D5ABFE000F0DC05 /* RDAVPlayer */,
				32426D061D5ABFE100F0DC05 /* RDAVPlayerTests */,
				32426D111D5ABFE100F0DC05 /* RDAVPlayerUITests */,
			);
		};
/* End PBXProject section */

/* Begin PBXResourcesBuildPhase section */
		32426CF11D5ABFE000F0DC05 /* Resources */ = {
			isa = PBXResourcesBuildPhase;
			buildActionMask = 2147483647;
			files = (
				32426D011D5ABFE100F0DC05 /* LaunchScreen.storyboard in Resources */,
				324FE6FE1D61559A00EC0A2E /* samplemovie.mov in Resources */,
				32426CFE1D5ABFE100F0DC05 /* Assets.xcassets in Resources */,
				32426CFC1D5ABFE100F0DC05 /* Main.storyboard in Resources */,
			);
			runOnlyForDeploymentPostprocessing = 0;
		};
		32426D051D5ABFE100F0DC05 /* Resources */ = {
			isa = PBXResourcesBuildPhase;
			buildActionMask = 2147483647;
			files = (
				324FE6FF1D61559A00EC0A2E /* samplemovie.mov in Resources */,
			);
			runOnlyForDeploymentPostprocessing = 0;
		};
		32426D101D5ABFE100F0DC05 /* Resources */ = {
			isa = PBXResourcesBuildPhase;
			buildActionMask = 2147483647;
			files = (
				324FE7001D61559A00EC0A2E /* samplemovie.mov in Resources */,
			);
			runOnlyForDeploymentPostprocessing = 0;
		};
/* End PBXResourcesBuildPhase section */

/* Begin PBXSourcesBuildPhase section */
		32426CEF1D5ABFE000F0DC05 /* Sources */ = {
			isa = PBXSourcesBuildPhase;
			buildActionMask = 2147483647;
			files = (
				3299EE7C1D77FE9500D94B3E /* RDPlayerView.swift in Sources */,
				32426CF91D5ABFE000F0DC05 /* ViewController.swift in Sources */,
				32426D251D5AC10000F0DC05 /* RDAVPlayer.swift in Sources */,
				3299EE781D77FDEB00D94B3E /* RDAVPlayerPresenter.swift in Sources */,
				32426CF71D5ABFE000F0DC05 /* AppDelegate.swift in Sources */,
			);
			runOnlyForDeploymentPostprocessing = 0;
		};
		32426D031D5ABFE100F0DC05 /* Sources */ = {
			isa = PBXSourcesBuildPhase;
			buildActionMask = 2147483647;
			files = (
				32426D0C1D5ABFE100F0DC05 /* RDAVPlayerTests.swift in Sources */,
				32426D261D5AC10000F0DC05 /* RDAVPlayer.swift in Sources */,
				3299EE791D77FDEB00D94B3E /* RDAVPlayerPresenter.swift in Sources */,
				3299EE7D1D77FE9500D94B3E /* RDPlayerView.swift in Sources */,
			);
			runOnlyForDeploymentPostprocessing = 0;
		};
		32426D0E1D5ABFE100F0DC05 /* Sources */ = {
			isa = PBXSourcesBuildPhase;
			buildActionMask = 2147483647;
			files = (
				32426D171D5ABFE100F0DC05 /* RDAVPlayerUITests.swift in Sources */,
				32426D271D5AC10000F0DC05 /* RDAVPlayer.swift in Sources */,
				3299EE7A1D77FDEB00D94B3E /* RDAVPlayerPresenter.swift in Sources */,
				3299EE7E1D77FE9500D94B3E /* RDPlayerView.swift in Sources */,
			);
			runOnlyForDeploymentPostprocessing = 0;
		};
/* End PBXSourcesBuildPhase section */

/* Begin PBXTargetDependency section */
		32426D091D5ABFE100F0DC05 /* PBXTargetDependency */ = {
			isa = PBXTargetDependency;
			target = 32426CF21D5ABFE000F0DC05 /* RDAVPlayer */;
			targetProxy = 32426D081D5ABFE100F0DC05 /* PBXContainerItemProxy */;
		};
		32426D141D5ABFE100F0DC05 /* PBXTargetDependency */ = {
			isa = PBXTargetDependency;
			target = 32426CF21D5ABFE000F0DC05 /* RDAVPlayer */;
			targetProxy = 32426D131D5ABFE100F0DC05 /* PBXContainerItemProxy */;
		};
/* End PBXTargetDependency section */

/* Begin PBXVariantGroup section */
		32426CFA1D5ABFE100F0DC05 /* Main.storyboard */ = {
			isa = PBXVariantGroup;
			children = (
				32426CFB1D5ABFE100F0DC05 /* Base */,
			);
			name = Main.storyboard;
			sourceTree = "<group>";
		};
		32426CFF1D5ABFE100F0DC05 /* LaunchScreen.storyboard */ = {
			isa = PBXVariantGroup;
			children = (
				32426D001D5ABFE100F0DC05 /* Base */,
			);
			name = LaunchScreen.storyboard;
			sourceTree = "<group>";
		};
/* End PBXVariantGroup section */

/* Begin XCBuildConfiguration section */
		32426D191D5ABFE100F0DC05 /* Debug */ = {
			isa = XCBuildConfiguration;
			buildSettings = {
				ALWAYS_SEARCH_USER_PATHS = NO;
				CLANG_ANALYZER_NONNULL = YES;
				CLANG_CXX_LANGUAGE_STANDARD = "gnu++0x";
				CLANG_CXX_LIBRARY = "libc++";
				CLANG_ENABLE_MODULES = YES;
				CLANG_ENABLE_OBJC_ARC = YES;
				CLANG_WARN_BOOL_CONVERSION = YES;
				CLANG_WARN_CONSTANT_CONVERSION = YES;
				CLANG_WARN_DIRECT_OBJC_ISA_USAGE = YES_ERROR;
				CLANG_WARN_EMPTY_BODY = YES;
				CLANG_WARN_ENUM_CONVERSION = YES;
				CLANG_WARN_INT_CONVERSION = YES;
				CLANG_WARN_OBJC_ROOT_CLASS = YES_ERROR;
				CLANG_WARN_UNREACHABLE_CODE = YES;
				CLANG_WARN__DUPLICATE_METHOD_MATCH = YES;
				"CODE_SIGN_IDENTITY[sdk=iphoneos*]" = "iPhone Developer";
				COPY_PHASE_STRIP = NO;
				DEBUG_INFORMATION_FORMAT = dwarf;
				ENABLE_STRICT_OBJC_MSGSEND = YES;
				ENABLE_TESTABILITY = YES;
				GCC_C_LANGUAGE_STANDARD = gnu99;
				GCC_DYNAMIC_NO_PIC = NO;
				GCC_NO_COMMON_BLOCKS = YES;
				GCC_OPTIMIZATION_LEVEL = 0;
				GCC_PREPROCESSOR_DEFINITIONS = (
					"DEBUG=1",
					"$(inherited)",
				);
				GCC_WARN_64_TO_32_BIT_CONVERSION = YES;
				GCC_WARN_ABOUT_RETURN_TYPE = YES_ERROR;
				GCC_WARN_UNDECLARED_SELECTOR = YES;
				GCC_WARN_UNINITIALIZED_AUTOS = YES_AGGRESSIVE;
				GCC_WARN_UNUSED_FUNCTION = YES;
				GCC_WARN_UNUSED_VARIABLE = YES;
				IPHONEOS_DEPLOYMENT_TARGET = 8.3;
				MTL_ENABLE_DEBUG_INFO = YES;
				ONLY_ACTIVE_ARCH = YES;
				SDKROOT = iphoneos;
				SWIFT_OPTIMIZATION_LEVEL = "-Onone";
			};
			name = Debug;
		};
		32426D1A1D5ABFE100F0DC05 /* Release */ = {
			isa = XCBuildConfiguration;
			buildSettings = {
				ALWAYS_SEARCH_USER_PATHS = NO;
				CLANG_ANALYZER_NONNULL = YES;
				CLANG_CXX_LANGUAGE_STANDARD = "gnu++0x";
				CLANG_CXX_LIBRARY = "libc++";
				CLANG_ENABLE_MODULES = YES;
				CLANG_ENABLE_OBJC_ARC = YES;
				CLANG_WARN_BOOL_CONVERSION = YES;
				CLANG_WARN_CONSTANT_CONVERSION = YES;
				CLANG_WARN_DIRECT_OBJC_ISA_USAGE = YES_ERROR;
				CLANG_WARN_EMPTY_BODY = YES;
				CLANG_WARN_ENUM_CONVERSION = YES;
				CLANG_WARN_INT_CONVERSION = YES;
				CLANG_WARN_OBJC_ROOT_CLASS = YES_ERROR;
				CLANG_WARN_UNREACHABLE_CODE = YES;
				CLANG_WARN__DUPLICATE_METHOD_MATCH = YES;
				"CODE_SIGN_IDENTITY[sdk=iphoneos*]" = "iPhone Developer";
				COPY_PHASE_STRIP = NO;
				DEBUG_INFORMATION_FORMAT = "dwarf-with-dsym";
				ENABLE_NS_ASSERTIONS = NO;
				ENABLE_STRICT_OBJC_MSGSEND = YES;
				GCC_C_LANGUAGE_STANDARD = gnu99;
				GCC_NO_COMMON_BLOCKS = YES;
				GCC_WARN_64_TO_32_BIT_CONVERSION = YES;
				GCC_WARN_ABOUT_RETURN_TYPE = YES_ERROR;
				GCC_WARN_UNDECLARED_SELECTOR = YES;
				GCC_WARN_UNINITIALIZED_AUTOS = YES_AGGRESSIVE;
				GCC_WARN_UNUSED_FUNCTION = YES;
				GCC_WARN_UNUSED_VARIABLE = YES;
				IPHONEOS_DEPLOYMENT_TARGET = 8.3;
				MTL_ENABLE_DEBUG_INFO = NO;
				SDKROOT = iphoneos;
				VALIDATE_PRODUCT = YES;
			};
			name = Release;
		};
		32426D1C1D5ABFE100F0DC05 /* Debug */ = {
			isa = XCBuildConfiguration;
			buildSettings = {
				ASSETCATALOG_COMPILER_APPICON_NAME = AppIcon;
				INFOPLIST_FILE = RDAVPlayer/Info.plist;
				LD_RUNPATH_SEARCH_PATHS = "$(inherited) @executable_path/Frameworks";
				PRODUCT_BUNDLE_IDENTIFIER = info.rodhos.RDAVPlayer.RDAVPlayer;
				PRODUCT_NAME = "$(TARGET_NAME)";
			};
			name = Debug;
		};
		32426D1D1D5ABFE100F0DC05 /* Release */ = {
			isa = XCBuildConfiguration;
			buildSettings = {
				ASSETCATALOG_COMPILER_APPICON_NAME = AppIcon;
				INFOPLIST_FILE = RDAVPlayer/Info.plist;
				LD_RUNPATH_SEARCH_PATHS = "$(inherited) @executable_path/Frameworks";
				PRODUCT_BUNDLE_IDENTIFIER = info.rodhos.RDAVPlayer.RDAVPlayer;
				PRODUCT_NAME = "$(TARGET_NAME)";
			};
			name = Release;
		};
		32426D1F1D5ABFE100F0DC05 /* Debug */ = {
			isa = XCBuildConfiguration;
			buildSettings = {
				BUNDLE_LOADER = "$(TEST_HOST)";
				INFOPLIST_FILE = RDAVPlayerTests/Info.plist;
				LD_RUNPATH_SEARCH_PATHS = "$(inherited) @executable_path/Frameworks @loader_path/Frameworks";
				PRODUCT_BUNDLE_IDENTIFIER = info.rodhos.RDAVPlayer.RDAVPlayerTests;
				PRODUCT_NAME = "$(TARGET_NAME)";
				TEST_HOST = "$(BUILT_PRODUCTS_DIR)/RDAVPlayer.app/RDAVPlayer";
			};
			name = Debug;
		};
		32426D201D5ABFE100F0DC05 /* Release */ = {
			isa = XCBuildConfiguration;
			buildSettings = {
				BUNDLE_LOADER = "$(TEST_HOST)";
				INFOPLIST_FILE = RDAVPlayerTests/Info.plist;
				LD_RUNPATH_SEARCH_PATHS = "$(inherited) @executable_path/Frameworks @loader_path/Frameworks";
				PRODUCT_BUNDLE_IDENTIFIER = info.rodhos.RDAVPlayer.RDAVPlayerTests;
				PRODUCT_NAME = "$(TARGET_NAME)";
				TEST_HOST = "$(BUILT_PRODUCTS_DIR)/RDAVPlayer.app/RDAVPlayer";
			};
			name = Release;
		};
		32426D221D5ABFE100F0DC05 /* Debug */ = {
			isa = XCBuildConfiguration;
			buildSettings = {
				INFOPLIST_FILE = RDAVPlayerUITests/Info.plist;
				LD_RUNPATH_SEARCH_PATHS = "$(inherited) @executable_path/Frameworks @loader_path/Frameworks";
				PRODUCT_BUNDLE_IDENTIFIER = info.rodhos.RDAVPlayer.RDAVPlayerUITests;
				PRODUCT_NAME = "$(TARGET_NAME)";
				TEST_TARGET_NAME = RDAVPlayer;
			};
			name = Debug;
		};
		32426D231D5ABFE100F0DC05 /* Release */ = {
			isa = XCBuildConfiguration;
			buildSettings = {
				INFOPLIST_FILE = RDAVPlayerUITests/Info.plist;
				LD_RUNPATH_SEARCH_PATHS = "$(inherited) @executable_path/Frameworks @loader_path/Frameworks";
				PRODUCT_BUNDLE_IDENTIFIER = info.rodhos.RDAVPlayer.RDAVPlayerUITests;
				PRODUCT_NAME = "$(TARGET_NAME)";
				TEST_TARGET_NAME = RDAVPlayer;
			};
			name = Release;
		};
/* End XCBuildConfiguration section */

/* Begin XCConfigurationList section */
		32426CEE1D5ABFE000F0DC05 /* Build configuration list for PBXProject "RDAVPlayer" */ = {
			isa = XCConfigurationList;
			buildConfigurations = (
				32426D191D5ABFE100F0DC05 /* Debug */,
				32426D1A1D5ABFE100F0DC05 /* Release */,
			);
			defaultConfigurationIsVisible = 0;
			defaultConfigurationName = Release;
		};
		32426D1B1D5ABFE100F0DC05 /* Build configuration list for PBXNativeTarget "RDAVPlayer" */ = {
			isa = XCConfigurationList;
			buildConfigurations = (
				32426D1C1D5ABFE100F0DC05 /* Debug */,
				32426D1D1D5ABFE100F0DC05 /* Release */,
			);
			defaultConfigurationIsVisible = 0;
			defaultConfigurationName = Release;
		};
		32426D1E1D5ABFE100F0DC05 /* Build configuration list for PBXNativeTarget "RDAVPlayerTests" */ = {
			isa = XCConfigurationList;
			buildConfigurations = (
				32426D1F1D5ABFE100F0DC05 /* Debug */,
				32426D201D5ABFE100F0DC05 /* Release */,
			);
			defaultConfigurationIsVisible = 0;
			defaultConfigurationName = Release;
		};
		32426D211D5ABFE100F0DC05 /* Build configuration list for PBXNativeTarget "RDAVPlayerUITests" */ = {
			isa = XCConfigurationList;
			buildConfigurations = (
				32426D221D5ABFE100F0DC05 /* Debug */,
				32426D231D5ABFE100F0DC05 /* Release */,
			);
			defaultConfigurationIsVisible = 0;
			defaultConfigurationName = Release;
		};
/* End XCConfigurationList section */
	};
	rootObject = 32426CEB1D5ABFE000F0DC05 /* Project object */;
}
